
Microsoft Visual Studio Solution File, Format Version 12.00
# Visual Studio Version 17
VisualStudioVersion = 17.0.31903.59
MinimumVisualStudioVersion = 10.0.40219.1
Project("{2150E333-8FDC-42A3-9474-1A3956D46DE8}") = "src", "src", "{827E0CD3-B72D-47B6-A68D-7590B98EB39B}"
EndProject
Project("{2150E333-8FDC-42A3-9474-1A3956D46DE8}") = "Domain", "Domain", "{8B290487-4C16-E85E-E807-F579CBE9FC4D}"
EndProject
Project("{FAE04EC0-301F-11D3-BF4B-00C04F79EFBC}") = "SwiftSale.Domain", "src\Domain\SwiftSale.Domain.csproj", "{4DDFAE2C-6077-4A5C-9FD8-07F311E4D7F8}"
EndProject
Project("{2150E333-8FDC-42A3-9474-1A3956D46DE8}") = "Application", "Application", "{22BAF98C-8415-17C4-B26A-D537657BC863}"
EndProject
Project("{FAE04EC0-301F-11D3-BF4B-00C04F79EFBC}") = "SwiftSale.Application", "src\Application\SwiftSale.Application.csproj", "{D4A94688-3FB3-4A40-82D9-7382D26314D8}"
EndProject
Project("{2150E333-8FDC-42A3-9474-1A3956D46DE8}") = "Infrastructure", "Infrastructure", "{9048EB7F-3875-A59E-E36B-5BD4C6F2A282}"
EndProject
Project("{FAE04EC0-301F-11D3-BF4B-00C04F79EFBC}") = "SwiftSale.Infrastructure", "src\Infrastructure\SwiftSale.Infrastructure.csproj", "{66D733F4-1CA7-464A-B219-198BAB0700D7}"
EndProject
Project("{2150E333-8FDC-42A3-9474-1A3956D46DE8}") = "Api", "Api", "{81034408-37C8-1011-444E-4C15C2FADA8E}"
EndProject
Project("{FAE04EC0-301F-11D3-BF4B-00C04F79EFBC}") = "SwiftSale.Api", "src\Api\SwiftSale.Api.csproj", "{004160F1-1E3C-412F-BF60-891CE81AAB4D}"
EndProject
Project("{2150E333-8FDC-42A3-9474-1A3956D46DE8}") = "Tests", "Tests", "{CEA09484-30F6-4D44-02F6-822E06DBC57C}"
EndProject
Project("{FAE04EC0-301F-11D3-BF4B-00C04F79EFBC}") = "SwiftSale.Tests", "src\Tests\SwiftSale.Tests.csproj", "{F857CFC7-4971-4F91-8698-D689E3E8032A}"
EndProject
Global
	GlobalSection(SolutionConfigurationPlatforms) = preSolution
		Debug|Any CPU = Debug|Any CPU
		Debug|x64 = Debug|x64
		Debug|x86 = Debug|x86
		Release|Any CPU = Release|Any CPU
		Release|x64 = Release|x64
		Release|x86 = Release|x86
	EndGlobalSection
	GlobalSection(ProjectConfigurationPlatforms) = postSolution
		{4DDFAE2C-6077-4A5C-9FD8-07F311E4D7F8}.Debug|Any CPU.ActiveCfg = Debug|Any CPU
		{4DDFAE2C-6077-4A5C-9FD8-07F311E4D7F8}.Debug|Any CPU.Build.0 = Debug|Any CPU
		{4DDFAE2C-6077-4A5C-9FD8-07F311E4D7F8}.Debug|x64.ActiveCfg = Debug|Any CPU
		{4DDFAE2C-6077-4A5C-9FD8-07F311E4D7F8}.Debug|x64.Build.0 = Debug|Any CPU
		{4DDFAE2C-6077-4A5C-9FD8-07F311E4D7F8}.Debug|x86.ActiveCfg = Debug|Any CPU
		{4DDFAE2C-6077-4A5C-9FD8-07F311E4D7F8}.Debug|x86.Build.0 = Debug|Any CPU
		{4DDFAE2C-6077-4A5C-9FD8-07F311E4D7F8}.Release|Any CPU.ActiveCfg = Release|Any CPU
		{4DDFAE2C-6077-4A5C-9FD8-07F311E4D7F8}.Release|Any CPU.Build.0 = Release|Any CPU
		{4DDFAE2C-6077-4A5C-9FD8-07F311E4D7F8}.Release|x64.ActiveCfg = Release|Any CPU
		{4DDFAE2C-6077-4A5C-9FD8-07F311E4D7F8}.Release|x64.Build.0 = Release|Any CPU
		{4DDFAE2C-6077-4A5C-9FD8-07F311E4D7F8}.Release|x86.ActiveCfg = Release|Any CPU
		{4DDFAE2C-6077-4A5C-9FD8-07F311E4D7F8}.Release|x86.Build.0 = Release|Any CPU
		{D4A94688-3FB3-4A40-82D9-7382D26314D8}.Debug|Any CPU.ActiveCfg = Debug|Any CPU
		{D4A94688-3FB3-4A40-82D9-7382D26314D8}.Debug|Any CPU.Build.0 = Debug|Any CPU
		{D4A94688-3FB3-4A40-82D9-7382D26314D8}.Debug|x64.ActiveCfg = Debug|Any CPU
		{D4A94688-3FB3-4A40-82D9-7382D26314D8}.Debug|x64.Build.0 = Debug|Any CPU
		{D4A94688-3FB3-4A40-82D9-7382D26314D8}.Debug|x86.ActiveCfg = Debug|Any CPU
		{D4A94688-3FB3-4A40-82D9-7382D26314D8}.Debug|x86.Build.0 = Debug|Any CPU
		{D4A94688-3FB3-4A40-82D9-7382D26314D8}.Release|Any CPU.ActiveCfg = Release|Any CPU
		{D4A94688-3FB3-4A40-82D9-7382D26314D8}.Release|Any CPU.Build.0 = Release|Any CPU
		{D4A94688-3FB3-4A40-82D9-7382D26314D8}.Release|x64.ActiveCfg = Release|Any CPU
		{D4A94688-3FB3-4A40-82D9-7382D26314D8}.Release|x64.Build.0 = Release|Any CPU
		{D4A94688-3FB3-4A40-82D9-7382D26314D8}.Release|x86.ActiveCfg = Release|Any CPU
		{D4A94688-3FB3-4A40-82D9-7382D26314D8}.Release|x86.Build.0 = Release|Any CPU
		{66D733F4-1CA7-464A-B219-198BAB0700D7}.Debug|Any CPU.ActiveCfg = Debug|Any CPU
		{66D733F4-1CA7-464A-B219-198BAB0700D7}.Debug|Any CPU.Build.0 = Debug|Any CPU
		{66D733F4-1CA7-464A-B219-198BAB0700D7}.Debug|x64.ActiveCfg = Debug|Any CPU
		{66D733F4-1CA7-464A-B219-198BAB0700D7}.Debug|x64.Build.0 = Debug|Any CPU
		{66D733F4-1CA7-464A-B219-198BAB0700D7}.Debug|x86.ActiveCfg = Debug|Any CPU
		{66D733F4-1CA7-464A-B219-198BAB0700D7}.Debug|x86.Build.0 = Debug|Any CPU
		{66D733F4-1CA7-464A-B219-198BAB0700D7}.Release|Any CPU.ActiveCfg = Release|Any CPU
		{66D733F4-1CA7-464A-B219-198BAB0700D7}.Release|Any CPU.Build.0 = Release|Any CPU
		{66D733F4-1CA7-464A-B219-198BAB0700D7}.Release|x64.ActiveCfg = Release|Any CPU
		{66D733F4-1CA7-464A-B219-198BAB0700D7}.Release|x64.Build.0 = Release|Any CPU
		{66D733F4-1CA7-464A-B219-198BAB0700D7}.Release|x86.ActiveCfg = Release|Any CPU
		{66D733F4-1CA7-464A-B219-198BAB0700D7}.Release|x86.Build.0 = Release|Any CPU
		{004160F1-1E3C-412F-BF60-891CE81AAB4D}.Debug|Any CPU.ActiveCfg = Debug|Any CPU
		{004160F1-1E3C-412F-BF60-891CE81AAB4D}.Debug|Any CPU.Build.0 = Debug|Any CPU
		{004160F1-1E3C-412F-BF60-891CE81AAB4D}.Debug|x64.ActiveCfg = Debug|Any CPU
		{004160F1-1E3C-412F-BF60-891CE81AAB4D}.Debug|x64.Build.0 = Debug|Any CPU
		{004160F1-1E3C-412F-BF60-891CE81AAB4D}.Debug|x86.ActiveCfg = Debug|Any CPU
		{004160F1-1E3C-412F-BF60-891CE81AAB4D}.Debug|x86.Build.0 = Debug|Any CPU
		{004160F1-1E3C-412F-BF60-891CE81AAB4D}.Release|Any CPU.ActiveCfg = Release|Any CPU
		{004160F1-1E3C-412F-BF60-891CE81AAB4D}.Release|Any CPU.Build.0 = Release|Any CPU
		{004160F1-1E3C-412F-BF60-891CE81AAB4D}.Release|x64.ActiveCfg = Release|Any CPU
		{004160F1-1E3C-412F-BF60-891CE81AAB4D}.Release|x64.Build.0 = Release|Any CPU
		{004160F1-1E3C-412F-BF60-891CE81AAB4D}.Release|x86.ActiveCfg = Release|Any CPU
		{004160F1-1E3C-412F-BF60-891CE81AAB4D}.Release|x86.Build.0 = Release|Any CPU
		{F857CFC7-4971-4F91-8698-D689E3E8032A}.Debug|Any CPU.ActiveCfg = Debug|Any CPU
		{F857CFC7-4971-4F91-8698-D689E3E8032A}.Debug|Any CPU.Build.0 = Debug|Any CPU
		{F857CFC7-4971-4F91-8698-D689E3E8032A}.Debug|x64.ActiveCfg = Debug|Any CPU
		{F857CFC7-4971-4F91-8698-D689E3E8032A}.Debug|x64.Build.0 = Debug|Any CPU
		{F857CFC7-4971-4F91-8698-D689E3E8032A}.Debug|x86.ActiveCfg = Debug|Any CPU
		{F857CFC7-4971-4F91-8698-D689E3E8032A}.Debug|x86.Build.0 = Debug|Any CPU
		{F857CFC7-4971-4F91-8698-D689E3E8032A}.Release|Any CPU.ActiveCfg = Release|Any CPU
		{F857CFC7-4971-4F91-8698-D689E3E8032A}.Release|Any CPU.Build.0 = Release|Any CPU
		{F857CFC7-4971-4F91-8698-D689E3E8032A}.Release|x64.ActiveCfg = Release|Any CPU
		{F857CFC7-4971-4F91-8698-D689E3E8032A}.Release|x64.Build.0 = Release|Any CPU
		{F857CFC7-4971-4F91-8698-D689E3E8032A}.Release|x86.ActiveCfg = Release|Any CPU
		{F857CFC7-4971-4F91-8698-D689E3E8032A}.Release|x86.Build.0 = Release|Any CPU
	EndGlobalSection
	GlobalSection(SolutionProperties) = preSolution
		HideSolutionNode = FALSE
	EndGlobalSection
	GlobalSection(NestedProjects) = preSolution
		{8B290487-4C16-E85E-E807-F579CBE9FC4D} = {827E0CD3-B72D-47B6-A68D-7590B98EB39B}
		{4DDFAE2C-6077-4A5C-9FD8-07F311E4D7F8} = {8B290487-4C16-E85E-E807-F579CBE9FC4D}
		{22BAF98C-8415-17C4-B26A-D537657BC863} = {827E0CD3-B72D-47B6-A68D-7590B98EB39B}
		{D4A94688-3FB3-4A40-82D9-7382D26314D8} = {22BAF98C-8415-17C4-B26A-D537657BC863}
		{9048EB7F-3875-A59E-E36B-5BD4C6F2A282} = {827E0CD3-B72D-47B6-A68D-7590B98EB39B}
		{66D733F4-1CA7-464A-B219-198BAB0700D7} = {9048EB7F-3875-A59E-E36B-5BD4C6F2A282}
		{81034408-37C8-1011-444E-4C15C2FADA8E} = {827E0CD3-B72D-47B6-A68D-7590B98EB39B}
		{004160F1-1E3C-412F-BF60-891CE81AAB4D} = {81034408-37C8-1011-444E-4C15C2FADA8E}
		{CEA09484-30F6-4D44-02F6-822E06DBC57C} = {827E0CD3-B72D-47B6-A68D-7590B98EB39B}
		{F857CFC7-4971-4F91-8698-D689E3E8032A} = {CEA09484-30F6-4D44-02F6-822E06DBC57C}
	EndGlobalSection
EndGlobal
